// !$*UTF8*$!
{
	archiveVersion = 1;
	classes = {
	};
	objectVersion = 50;
	objects = {

/* Begin PBXBuildFile section */
		9AAB13F625AC45B800B4E92A /* AppDelegate.swift in Sources */ = {isa = PBXBuildFile; fileRef = 9AAB13F525AC45B800B4E92A /* AppDelegate.swift */; };
		9AAB13F825AC45B800B4E92A /* SceneDelegate.swift in Sources */ = {isa = PBXBuildFile; fileRef = 9AAB13F725AC45B800B4E92A /* SceneDelegate.swift */; };
		9AAB13FA25AC45B800B4E92A /* ViewController.swift in Sources */ = {isa = PBXBuildFile; fileRef = 9AAB13F925AC45B800B4E92A /* ViewController.swift */; };
		9AAB13FD25AC45B800B4E92A /* Main.storyboard in Resources */ = {isa = PBXBuildFile; fileRef = 9AAB13FB25AC45B800B4E92A /* Main.storyboard */; };
		9AAB13FF25AC45B900B4E92A /* Assets.xcassets in Resources */ = {isa = PBXBuildFile; fileRef = 9AAB13FE25AC45B900B4E92A /* Assets.xcassets */; };
		9AAB140225AC45B900B4E92A /* LaunchScreen.storyboard in Resources */ = {isa = PBXBuildFile; fileRef = 9AAB140025AC45B900B4E92A /* LaunchScreen.storyboard */; };
		9AAB140B25AC68A100B4E92A /* Shaders.metal in Sources */ = {isa = PBXBuildFile; fileRef = 9AAB140A25AC68A100B4E92A /* Shaders.metal */; };
/* End PBXBuildFile section */

/* Begin PBXFileReference section */
		9AAB13F225AC45B800B4E92A /* Metaltest.app */ = {isa = PBXFileReference; explicitFileType = wrapper.application; includeInIndex = 0; path = Metaltest.app; sourceTree = BUILT_PRODUCTS_DIR; };
		9AAB13F525AC45B800B4E92A /* AppDelegate.swift */ = {isa = PBXFileReference; lastKnownFileType = sourcecode.swift; path = AppDelegate.swift; sourceTree = "<group>"; };
		9AAB13F725AC45B800B4E92A /* SceneDelegate.swift */ = {isa = PBXFileReference; lastKnownFileType = sourcecode.swift; path = SceneDelegate.swift; sourceTree = "<group>"; };
		9AAB13F925AC45B800B4E92A /* ViewController.swift */ = {isa = PBXFileReference; lastKnownFileType = sourcecode.swift; path = ViewController.swift; sourceTree = "<group>"; };
		9AAB13FC25AC45B800B4E92A /* Base */ = {isa = PBXFileReference; lastKnownFileType = file.storyboard; name = Base; path = Base.lproj/Main.storyboard; sourceTree = "<group>"; };
		9AAB13FE25AC45B900B4E92A /* Assets.xcassets */ = {isa = PBXFileReference; lastKnownFileType = folder.assetcatalog; path = Assets.xcassets; sourceTree = "<group>"; };
		9AAB140125AC45B900B4E92A /* Base */ = {isa = PBXFileReference; lastKnownFileType = file.storyboard; name = Base; path = Base.lproj/LaunchScreen.storyboard; sourceTree = "<group>"; };
		9AAB140325AC45B900B4E92A /* Info.plist */ = {isa = PBXFileReference; lastKnownFileType = text.plist.xml; path = Info.plist; sourceTree = "<group>"; };
		9AAB140A25AC68A100B4E92A /* Shaders.metal */ = {isa = PBXFileReference; lastKnownFileType = sourcecode.metal; path = Shaders.metal; sourceTree = "<group>"; };
/* End PBXFileReference section */

/* Begin PBXFrameworksBuildPhase section */
		9AAB13EF25AC45B800B4E92A /* Frameworks */ = {
			isa = PBXFrameworksBuildPhase;
			buildActionMask = 2147483647;
			files = (
			);
			runOnlyForDeploymentPostprocessing = 0;
		};
/* End PBXFrameworksBuildPhase section */

/* Begin PBXGroup section */
		9AAB13E925AC45B800B4E92A = {
			isa = PBXGroup;
			children = (
				9AAB13F425AC45B800B4E92A /* Metaltest */,
				9AAB13F325AC45B800B4E92A /* Products */,
			);
			sourceTree = "<group>";
		};
		9AAB13F325AC45B800B4E92A /* Products */ = {
			isa = PBXGroup;
			children = (
				9AAB13F225AC45B800B4E92A /* Metaltest.app */,
			);
			name = Products;
			sourceTree = "<group>";
		};
		9AAB13F425AC45B800B4E92A /* Metaltest */ = {
			isa = PBXGroup;
			children = (
				9AAB13F525AC45B800B4E92A /* AppDelegate.swift */,
				9AAB13F725AC45B800B4E92A /* SceneDelegate.swift */,
				9AAB140A25AC68A100B4E92A /* Shaders.metal */,
				9AAB13F925AC45B800B4E92A /* ViewController.swift */,
				9AAB13FB25AC45B800B4E92A /* Main.storyboard */,
				9AAB13FE25AC45B900B4E92A /* Assets.xcassets */,
				9AAB140025AC45B900B4E92A /* LaunchScreen.storyboard */,
				9AAB140325AC45B900B4E92A /* Info.plist */,
			);
			path = Metaltest;
			sourceTree = "<group>";
		};
/* End PBXGroup section */

/* Begin PBXNativeTarget section */
		9AAB13F125AC45B800B4E92A /* Metaltest */ = {
			isa = PBXNativeTarget;
			buildConfigurationList = 9AAB140625AC45B900B4E92A /* Build configuration list for PBXNativeTarget "Metaltest" */;
			buildPhases = (
				9AAB13EE25AC45B800B4E92A /* Sources */,
				9AAB13EF25AC45B800B4E92A /* Frameworks */,
				9AAB13F025AC45B800B4E92A /* Resources */,
			);
			buildRules = (
			);
			dependencies = (
			);
			name = Metaltest;
			productName = Metaltest;
			productReference = 9AAB13F225AC45B800B4E92A /* Metaltest.app */;
			productType = "com.apple.product-type.application";
		};
/* End PBXNativeTarget section */

/* Begin PBXProject section */
		9AAB13EA25AC45B800B4E92A /* Project object */ = {
			isa = PBXProject;
			attributes = {
				LastSwiftUpdateCheck = 1230;
				LastUpgradeCheck = 1230;
				TargetAttributes = {
					9AAB13F125AC45B800B4E92A = {
						CreatedOnToolsVersion = 12.3;
					};
				};
			};
			buildConfigurationList = 9AAB13ED25AC45B800B4E92A /* Build configuration list for PBXProject "Metaltest" */;
			compatibilityVersion = "Xcode 9.3";
			developmentRegion = en;
			hasScannedForEncodings = 0;
			knownRegions = (
				en,
				Base,
			);
			mainGroup = 9AAB13E925AC45B800B4E92A;
			productRefGroup = 9AAB13F325AC45B800B4E92A /* Products */;
			projectDirPath = "";
			projectRoot = "";
			targets = (
				9AAB13F125AC45B800B4E92A /* Metaltest */,
			);
		};
/* End PBXProject section */

/* Begin PBXResourcesBuildPhase section */
		9AAB13F025AC45B800B4E92A /* Resources */ = {
			isa = PBXResourcesBuildPhase;
			buildActionMask = 2147483647;
			files = (
				9AAB140225AC45B900B4E92A /* LaunchScreen.storyboard in Resources */,
				9AAB13FF25AC45B900B4E92A /* Assets.xcassets in Resources */,
				9AAB13FD25AC45B800B4E92A /* Main.storyboard in Resources */,
			);
			runOnlyForDeploymentPostprocessing = 0;
		};
/* End PBXResourcesBuildPhase section */

/* Begin PBXSourcesBuildPhase section */
		9AAB13EE25AC45B800B4E92A /* Sources */ = {
			isa = PBXSourcesBuildPhase;
			buildActionMask = 2147483647;
			files = (
				9AAB140B25AC68A100B4E92A /* Shaders.metal in Sources */,
				9AAB13FA25AC45B800B4E92A /* ViewController.swift in Sources */,
				9AAB13F625AC45B800B4E92A /* AppDelegate.swift in Sources */,
				9AAB13F825AC45B800B4E92A /* SceneDelegate.swift in Sources */,
			);
			runOnlyForDeploymentPostprocessing = 0;
		};
/* End PBXSourcesBuildPhase section */

/* Begin PBXVariantGroup section */
		9AAB13FB25AC45B800B4E92A /* Main.storyboard */ = {
			isa = PBXVariantGroup;
			children = (
				9AAB13FC25AC45B800B4E92A /* Base */,
			);
			name = Main.storyboard;
			sourceTree = "<group>";
		};
		9AAB140025AC45B900B4E92A /* LaunchScreen.storyboard */ = {
			isa = PBXVariantGroup;
			children = (
				9AAB140125AC45B900B4E92A /* Base */,
			);
			name = LaunchScreen.storyboard;
			sourceTree = "<group>";
		};
/* End PBXVariantGroup section */

/* Begin XCBuildConfiguration section */
		9AAB140425AC45B900B4E92A /* Debug */ = {
			isa = XCBuildConfiguration;
			buildSettings = {
				ALWAYS_SEARCH_USER_PATHS = NO;
				CLANG_ANALYZER_NONNULL = YES;
				CLANG_ANALYZER_NUMBER_OBJECT_CONVERSION = YES_AGGRESSIVE;
				CLANG_CXX_LANGUAGE_STANDARD = "gnu++14";
				CLANG_CXX_LIBRARY = "libc++";
				CLANG_ENABLE_MODULES = YES;
				CLANG_ENABLE_OBJC_ARC = YES;
				CLANG_ENABLE_OBJC_WEAK = YES;
				CLANG_WARN_BLOCK_CAPTURE_AUTORELEASING = YES;
				CLANG_WARN_BOOL_CONVERSION = YES;
				CLANG_WARN_COMMA = YES;
				CLANG_WARN_CONSTANT_CONVERSION = YES;
				CLANG_WARN_DEPRECATED_OBJC_IMPLEMENTATIONS = YES;
				CLANG_WARN_DIRECT_OBJC_ISA_USAGE = YES_ERROR;
				CLANG_WARN_DOCUMENTATION_COMMENTS = YES;
				CLANG_WARN_EMPTY_BODY = YES;
				CLANG_WARN_ENUM_CONVERSION = YES;
				CLANG_WARN_INFINITE_RECURSION = YES;
				CLANG_WARN_INT_CONVERSION = YES;
				CLANG_WARN_NON_LITERAL_NULL_CONVERSION = YES;
				CLANG_WARN_OBJC_IMPLICIT_RETAIN_SELF = YES;
				CLANG_WARN_OBJC_LITERAL_CONVERSION = YES;
				CLANG_WARN_OBJC_ROOT_CLASS = YES_ERROR;
				CLANG_WARN_QUOTED_INCLUDE_IN_FRAMEWORK_HEADER = YES;
				CLANG_WARN_RANGE_LOOP_ANALYSIS = YES;
				CLANG_WARN_STRICT_PROTOTYPES = YES;
				CLANG_WARN_SUSPICIOUS_MOVE = YES;
				CLANG_WARN_UNGUARDED_AVAILABILITY = YES_AGGRESSIVE;
				CLANG_WARN_UNREACHABLE_CODE = YES;
				CLANG_WARN__DUPLICATE_METHOD_MATCH = YES;
				COPY_PHASE_STRIP = NO;
				DEBUG_INFORMATION_FORMAT = dwarf;
				ENABLE_STRICT_OBJC_MSGSEND = YES;
				ENABLE_TESTABILITY = YES;
				GCC_C_LANGUAGE_STANDARD = gnu11;
				GCC_DYNAMIC_NO_PIC = NO;
				GCC_NO_COMMON_BLOCKS = YES;
				GCC_OPTIMIZATION_LEVEL = 0;
				GCC_PREPROCESSOR_DEFINITIONS = (
					"DEBUG=1",
					"$(inherited)",
				);
				GCC_WARN_64_TO_32_BIT_CONVERSION = YES;
				GCC_WARN_ABOUT_RETURN_TYPE = YES_ERROR;
				GCC_WARN_UNDECLARED_SELECTOR = YES;
				GCC_WARN_UNINITIALIZED_AUTOS = YES_AGGRESSIVE;
				GCC_WARN_UNUSED_FUNCTION = YES;
				GCC_WARN_UNUSED_VARIABLE = YES;
				IPHONEOS_DEPLOYMENT_TARGET = 14.3;
				MTL_ENABLE_DEBUG_INFO = INCLUDE_SOURCE;
				MTL_FAST_MATH = YES;
				ONLY_ACTIVE_ARCH = YES;
				SDKROOT = iphoneos;
				SWIFT_ACTIVE_COMPILATION_CONDITIONS = DEBUG;
				SWIFT_OPTIMIZATION_LEVEL = "-Onone";
			};
			name = Debug;
		};
		9AAB140525AC45B900B4E92A /* Release */ = {
			isa = XCBuildConfiguration;
			buildSettings = {
				ALWAYS_SEARCH_USER_PATHS = NO;
				CLANG_ANALYZER_NONNULL = YES;
				CLANG_ANALYZER_NUMBER_OBJECT_CONVERSION = YES_AGGRESSIVE;
				CLANG_CXX_LANGUAGE_STANDARD = "gnu++14";
				CLANG_CXX_LIBRARY = "libc++";
				CLANG_ENABLE_MODULES = YES;
				CLANG_ENABLE_OBJC_ARC = YES;
				CLANG_ENABLE_OBJC_WEAK = YES;
				CLANG_WARN_BLOCK_CAPTURE_AUTORELEASING = YES;
				CLANG_WARN_BOOL_CONVERSION = YES;
				CLANG_WARN_COMMA = YES;
				CLANG_WARN_CONSTANT_CONVERSION = YES;
				CLANG_WARN_DEPRECATED_OBJC_IMPLEMENTATIONS = YES;
				CLANG_WARN_DIRECT_OBJC_ISA_USAGE = YES_ERROR;
				CLANG_WARN_DOCUMENTATION_COMMENTS = YES;
				CLANG_WARN_EMPTY_BODY = YES;
				CLANG_WARN_ENUM_CONVERSION = YES;
				CLANG_WARN_INFINITE_RECURSION = YES;
				CLANG_WARN_INT_CONVERSION = YES;
				CLANG_WARN_NON_LITERAL_NULL_CONVERSION = YES;
				CLANG_WARN_OBJC_IMPLICIT_RETAIN_SELF = YES;
				CLANG_WARN_OBJC_LITERAL_CONVERSION = YES;
				CLANG_WARN_OBJC_ROOT_CLASS = YES_ERROR;
				CLANG_WARN_QUOTED_INCLUDE_IN_FRAMEWORK_HEADER = YES;
				CLANG_WARN_RANGE_LOOP_ANALYSIS = YES;
				CLANG_WARN_STRICT_PROTOTYPES = YES;
				CLANG_WARN_SUSPICIOUS_MOVE = YES;
				CLANG_WARN_UNGUARDED_AVAILABILITY = YES_AGGRESSIVE;
				CLANG_WARN_UNREACHABLE_CODE = YES;
				CLANG_WARN__DUPLICATE_METHOD_MATCH = YES;
				COPY_PHASE_STRIP = NO;
				DEBUG_INFORMATION_FORMAT = "dwarf-with-dsym";
				ENABLE_NS_ASSERTIONS = NO;
				ENABLE_STRICT_OBJC_MSGSEND = YES;
				GCC_C_LANGUAGE_STANDARD = gnu11;
				GCC_NO_COMMON_BLOCKS = YES;
				GCC_WARN_64_TO_32_BIT_CONVERSION = YES;
				GCC_WARN_ABOUT_RETURN_TYPE = YES_ERROR;
				GCC_WARN_UNDECLARED_SELECTOR = YES;
				GCC_WARN_UNINITIALIZED_AUTOS = YES_AGGRESSIVE;
				GCC_WARN_UNUSED_FUNCTION = YES;
				GCC_WARN_UNUSED_VARIABLE = YES;
				IPHONEOS_DEPLOYMENT_TARGET = 14.3;
				MTL_ENABLE_DEBUG_INFO = NO;
				MTL_FAST_MATH = YES;
				SDKROOT = iphoneos;
				SWIFT_COMPILATION_MODE = wholemodule;
				SWIFT_OPTIMIZATION_LEVEL = "-O";
				VALIDATE_PRODUCT = YES;
			};
			name = Release;
		};
		9AAB140725AC45B900B4E92A /* Debug */ = {
			isa = XCBuildConfiguration;
			buildSettings = {
				ASSETCATALOG_COMPILER_APPICON_NAME = AppIcon;
				ASSETCATALOG_COMPILER_GLOBAL_ACCENT_COLOR_NAME = AccentColor;
				CODE_SIGN_STYLE = Automatic;
				INFOPLIST_FILE = Metaltest/Info.plist;
				LD_RUNPATH_SEARCH_PATHS = (
					"$(inherited)",
					"@executable_path/Frameworks",
				);
				PRODUCT_BUNDLE_IDENTIFIER = com.solutioncat.Metaltest;
				PRODUCT_NAME = "$(TARGET_NAME)";
				SWIFT_VERSION = 5.0;
				TARGETED_DEVICE_FAMILY = "1,2";
			};
			name = Debug;
		};
		9AAB140825AC45B900B4E92A /* Release */ = {
			isa = XCBuildConfiguration;
			buildSettings = {
				ASSETCATALOG_COMPILER_APPICON_NAME = AppIcon;
				ASSETCATALOG_COMPILER_GLOBAL_ACCENT_COLOR_NAME = AccentColor;
				CODE_SIGN_STYLE = Automatic;
				INFOPLIST_FILE = Metaltest/Info.plist;
				LD_RUNPATH_SEARCH_PATHS = (
					"$(inherited)",
					"@executable_path/Frameworks",
				);
				PRODUCT_BUNDLE_IDENTIFIER = com.solutioncat.Metaltest;
				PRODUCT_NAME = "$(TARGET_NAME)";
				SWIFT_VERSION = 5.0;
				TARGETED_DEVICE_FAMILY = "1,2";
			};
			name = Release;
		};
/* End XCBuildConfiguration section */

/* Begin XCConfigurationList section */
		9AAB13ED25AC45B800B4E92A /* Build configuration list for PBXProject "Metaltest" */ = {
			isa = XCConfigurationList;
			buildConfigurations = (
				9AAB140425AC45B900B4E92A /* Debug */,
				9AAB140525AC45B900B4E92A /* Release */,
			);
			defaultConfigurationIsVisible = 0;
			defaultConfigurationName = Release;
		};
		9AAB140625AC45B900B4E92A /* Build configuration list for PBXNativeTarget "Metaltest" */ = {
			isa = XCConfigurationList;
			buildConfigurations = (
				9AAB140725AC45B900B4E92A /* Debug */,
				9AAB140825AC45B900B4E92A /* Release */,
			);
			defaultConfigurationIsVisible = 0;
			defaultConfigurationName = Release;
		};
/* End XCConfigurationList section */
	};
	rootObject = 9AAB13EA25AC45B800B4E92A /* Project object */;
}
